// !$*UTF8*$!
{
	archiveVersion = 1;
	classes = {
	};
	objectVersion = 50;
	objects = {

/* Begin PBXBuildFile section */
		40FBC4AA23F7BDCE00494FC8 /* AppDelegate.swift in Sources */ = {isa = PBXBuildFile; fileRef = 40FBC4A923F7BDCE00494FC8 /* AppDelegate.swift */; };
		40FBC4AC23F7BDCE00494FC8 /* SceneDelegate.swift in Sources */ = {isa = PBXBuildFile; fileRef = 40FBC4AB23F7BDCE00494FC8 /* SceneDelegate.swift */; };
		40FBC4AE23F7BDCE00494FC8 /* ViewController.swift in Sources */ = {isa = PBXBuildFile; fileRef = 40FBC4AD23F7BDCE00494FC8 /* ViewController.swift */; };
		40FBC4B123F7BDCE00494FC8 /* Main.storyboard in Resources */ = {isa = PBXBuildFile; fileRef = 40FBC4AF23F7BDCE00494FC8 /* Main.storyboard */; };
		40FBC4B323F7BDD100494FC8 /* Assets.xcassets in Resources */ = {isa = PBXBuildFile; fileRef = 40FBC4B223F7BDD100494FC8 /* Assets.xcassets */; };
		40FBC4B623F7BDD100494FC8 /* LaunchScreen.storyboard in Resources */ = {isa = PBXBuildFile; fileRef = 40FBC4B423F7BDD100494FC8 /* LaunchScreen.storyboard */; };
		40FBC4C123F7BDD100494FC8 /* XcodeGenTestAppTests.swift in Sources */ = {isa = PBXBuildFile; fileRef = 40FBC4C023F7BDD100494FC8 /* XcodeGenTestAppTests.swift */; };
		40FBC4CC23F7BDD100494FC8 /* XcodeGenTestAppUITests.swift in Sources */ = {isa = PBXBuildFile; fileRef = 40FBC4CB23F7BDD100494FC8 /* XcodeGenTestAppUITests.swift */; };
/* End PBXBuildFile section */

/* Begin PBXContainerItemProxy section */
		40FBC4BD23F7BDD100494FC8 /* PBXContainerItemProxy */ = {
			isa = PBXContainerItemProxy;
			containerPortal = 40FBC49E23F7BDCE00494FC8 /* Project object */;
			proxyType = 1;
			remoteGlobalIDString = 40FBC4A523F7BDCE00494FC8;
			remoteInfo = XcodeGenTestApp;
		};
		40FBC4C823F7BDD100494FC8 /* PBXContainerItemProxy */ = {
			isa = PBXContainerItemProxy;
			containerPortal = 40FBC49E23F7BDCE00494FC8 /* Project object */;
			proxyType = 1;
			remoteGlobalIDString = 40FBC4A523F7BDCE00494FC8;
			remoteInfo = XcodeGenTestApp;
		};
/* End PBXContainerItemProxy section */

/* Begin PBXFileReference section */
		40FBC4A623F7BDCE00494FC8 /* XcodeGenTestApp.app */ = {isa = PBXFileReference; explicitFileType = wrapper.application; includeInIndex = 0; path = XcodeGenTestApp.app; sourceTree = BUILT_PRODUCTS_DIR; };
		40FBC4A923F7BDCE00494FC8 /* AppDelegate.swift */ = {isa = PBXFileReference; lastKnownFileType = sourcecode.swift; path = AppDelegate.swift; sourceTree = "<group>"; };
		40FBC4AB23F7BDCE00494FC8 /* SceneDelegate.swift */ = {isa = PBXFileReference; lastKnownFileType = sourcecode.swift; path = SceneDelegate.swift; sourceTree = "<group>"; };
		40FBC4AD23F7BDCE00494FC8 /* ViewController.swift */ = {isa = PBXFileReference; lastKnownFileType = sourcecode.swift; path = ViewController.swift; sourceTree = "<group>"; };
		40FBC4B023F7BDCE00494FC8 /* Base */ = {isa = PBXFileReference; lastKnownFileType = file.storyboard; name = Base; path = Base.lproj/Main.storyboard; sourceTree = "<group>"; };
		40FBC4B223F7BDD100494FC8 /* Assets.xcassets */ = {isa = PBXFileReference; lastKnownFileType = folder.assetcatalog; path = Assets.xcassets; sourceTree = "<group>"; };
		40FBC4B523F7BDD100494FC8 /* Base */ = {isa = PBXFileReference; lastKnownFileType = file.storyboard; name = Base; path = Base.lproj/LaunchScreen.storyboard; sourceTree = "<group>"; };
		40FBC4B723F7BDD100494FC8 /* Info.plist */ = {isa = PBXFileReference; lastKnownFileType = text.plist.xml; path = Info.plist; sourceTree = "<group>"; };
		40FBC4BC23F7BDD100494FC8 /* XcodeGenTestAppTests.xctest */ = {isa = PBXFileReference; explicitFileType = wrapper.cfbundle; includeInIndex = 0; path = XcodeGenTestAppTests.xctest; sourceTree = BUILT_PRODUCTS_DIR; };
		40FBC4C023F7BDD100494FC8 /* XcodeGenTestAppTests.swift */ = {isa = PBXFileReference; lastKnownFileType = sourcecode.swift; path = XcodeGenTestAppTests.swift; sourceTree = "<group>"; };
		40FBC4C223F7BDD100494FC8 /* Info.plist */ = {isa = PBXFileReference; lastKnownFileType = text.plist.xml; path = Info.plist; sourceTree = "<group>"; };
		40FBC4C723F7BDD100494FC8 /* XcodeGenTestAppUITests.xctest */ = {isa = PBXFileReference; explicitFileType = wrapper.cfbundle; includeInIndex = 0; path = XcodeGenTestAppUITests.xctest; sourceTree = BUILT_PRODUCTS_DIR; };
		40FBC4CB23F7BDD100494FC8 /* XcodeGenTestAppUITests.swift */ = {isa = PBXFileReference; lastKnownFileType = sourcecode.swift; path = XcodeGenTestAppUITests.swift; sourceTree = "<group>"; };
		40FBC4CD23F7BDD100494FC8 /* Info.plist */ = {isa = PBXFileReference; lastKnownFileType = text.plist.xml; path = Info.plist; sourceTree = "<group>"; };
/* End PBXFileReference section */

/* Begin PBXFrameworksBuildPhase section */
		40FBC4A323F7BDCE00494FC8 /* Frameworks */ = {
			isa = PBXFrameworksBuildPhase;
			buildActionMask = 2147483647;
			files = (
			);
			runOnlyForDeploymentPostprocessing = 0;
		};
		40FBC4B923F7BDD100494FC8 /* Frameworks */ = {
			isa = PBXFrameworksBuildPhase;
			buildActionMask = 2147483647;
			files = (
			);
			runOnlyForDeploymentPostprocessing = 0;
		};
		40FBC4C423F7BDD100494FC8 /* Frameworks */ = {
			isa = PBXFrameworksBuildPhase;
			buildActionMask = 2147483647;
			files = (
			);
			runOnlyForDeploymentPostprocessing = 0;
		};
/* End PBXFrameworksBuildPhase section */

/* Begin PBXGroup section */
		40FBC49D23F7BDCE00494FC8 = {
			isa = PBXGroup;
			children = (
				40FBC4A823F7BDCE00494FC8 /* XcodeGenTestApp */,
				40FBC4BF23F7BDD100494FC8 /* XcodeGenTestAppTests */,
				40FBC4CA23F7BDD100494FC8 /* XcodeGenTestAppUITests */,
				40FBC4A723F7BDCE00494FC8 /* Products */,
			);
			sourceTree = "<group>";
		};
		40FBC4A723F7BDCE00494FC8 /* Products */ = {
			isa = PBXGroup;
			children = (
				40FBC4A623F7BDCE00494FC8 /* XcodeGenTestApp.app */,
				40FBC4BC23F7BDD100494FC8 /* XcodeGenTestAppTests.xctest */,
				40FBC4C723F7BDD100494FC8 /* XcodeGenTestAppUITests.xctest */,
			);
			name = Products;
			sourceTree = "<group>";
		};
		40FBC4A823F7BDCE00494FC8 /* XcodeGenTestApp */ = {
			isa = PBXGroup;
			children = (
				40FBC4A923F7BDCE00494FC8 /* AppDelegate.swift */,
				40FBC4AB23F7BDCE00494FC8 /* SceneDelegate.swift */,
				40FBC4AD23F7BDCE00494FC8 /* ViewController.swift */,
				40FBC4AF23F7BDCE00494FC8 /* Main.storyboard */,
				40FBC4B223F7BDD100494FC8 /* Assets.xcassets */,
				40FBC4B423F7BDD100494FC8 /* LaunchScreen.storyboard */,
				40FBC4B723F7BDD100494FC8 /* Info.plist */,
			);
			path = XcodeGenTestApp;
			sourceTree = "<group>";
		};
		40FBC4BF23F7BDD100494FC8 /* XcodeGenTestAppTests */ = {
			isa = PBXGroup;
			children = (
				40FBC4C023F7BDD100494FC8 /* XcodeGenTestAppTests.swift */,
				40FBC4C223F7BDD100494FC8 /* Info.plist */,
			);
			path = XcodeGenTestAppTests;
			sourceTree = "<group>";
		};
		40FBC4CA23F7BDD100494FC8 /* XcodeGenTestAppUITests */ = {
			isa = PBXGroup;
			children = (
				40FBC4CB23F7BDD100494FC8 /* XcodeGenTestAppUITests.swift */,
				40FBC4CD23F7BDD100494FC8 /* Info.plist */,
			);
			path = XcodeGenTestAppUITests;
			sourceTree = "<group>";
		};
/* End PBXGroup section */

/* Begin PBXNativeTarget section */
		40FBC4A523F7BDCE00494FC8 /* XcodeGenTestApp */ = {
			isa = PBXNativeTarget;
			buildConfigurationList = 40FBC4D023F7BDD200494FC8 /* Build configuration list for PBXNativeTarget "XcodeGenTestApp" */;
			buildPhases = (
				40FBC4A223F7BDCE00494FC8 /* Sources */,
				40FBC4A323F7BDCE00494FC8 /* Frameworks */,
				40FBC4A423F7BDCE00494FC8 /* Resources */,
			);
			buildRules = (
			);
			dependencies = (
			);
			name = XcodeGenTestApp;
			productName = XcodeGenTestApp;
			productReference = 40FBC4A623F7BDCE00494FC8 /* XcodeGenTestApp.app */;
			productType = "com.apple.product-type.application";
		};
		40FBC4BB23F7BDD100494FC8 /* XcodeGenTestAppTests */ = {
			isa = PBXNativeTarget;
			buildConfigurationList = 40FBC4D323F7BDD200494FC8 /* Build configuration list for PBXNativeTarget "XcodeGenTestAppTests" */;
			buildPhases = (
				40FBC4B823F7BDD100494FC8 /* Sources */,
				40FBC4B923F7BDD100494FC8 /* Frameworks */,
				40FBC4BA23F7BDD100494FC8 /* Resources */,
			);
			buildRules = (
			);
			dependencies = (
				40FBC4BE23F7BDD100494FC8 /* PBXTargetDependency */,
			);
			name = XcodeGenTestAppTests;
			productName = XcodeGenTestAppTests;
			productReference = 40FBC4BC23F7BDD100494FC8 /* XcodeGenTestAppTests.xctest */;
			productType = "com.apple.product-type.bundle.unit-test";
		};
		40FBC4C623F7BDD100494FC8 /* XcodeGenTestAppUITests */ = {
			isa = PBXNativeTarget;
			buildConfigurationList = 40FBC4D623F7BDD200494FC8 /* Build configuration list for PBXNativeTarget "XcodeGenTestAppUITests" */;
			buildPhases = (
				40FBC4C323F7BDD100494FC8 /* Sources */,
				40FBC4C423F7BDD100494FC8 /* Frameworks */,
				40FBC4C523F7BDD100494FC8 /* Resources */,
			);
			buildRules = (
			);
			dependencies = (
				40FBC4C923F7BDD100494FC8 /* PBXTargetDependency */,
			);
			name = XcodeGenTestAppUITests;
			productName = XcodeGenTestAppUITests;
			productReference = 40FBC4C723F7BDD100494FC8 /* XcodeGenTestAppUITests.xctest */;
			productType = "com.apple.product-type.bundle.ui-testing";
		};
/* End PBXNativeTarget section */

/* Begin PBXProject section */
		40FBC49E23F7BDCE00494FC8 /* Project object */ = {
			isa = PBXProject;
			attributes = {
				LastSwiftUpdateCheck = 1130;
				LastUpgradeCheck = 1130;
				ORGANIZATIONNAME = Yamamoto;
				TargetAttributes = {
					40FBC4A523F7BDCE00494FC8 = {
						CreatedOnToolsVersion = 11.3.1;
					};
					40FBC4BB23F7BDD100494FC8 = {
						CreatedOnToolsVersion = 11.3.1;
						TestTargetID = 40FBC4A523F7BDCE00494FC8;
					};
					40FBC4C623F7BDD100494FC8 = {
						CreatedOnToolsVersion = 11.3.1;
						TestTargetID = 40FBC4A523F7BDCE00494FC8;
					};
				};
			};
			buildConfigurationList = 40FBC4A123F7BDCE00494FC8 /* Build configuration list for PBXProject "XcodeGenTestApp" */;
			compatibilityVersion = "Xcode 9.3";
			developmentRegion = en;
			hasScannedForEncodings = 0;
			knownRegions = (
				en,
				Base,
			);
			mainGroup = 40FBC49D23F7BDCE00494FC8;
			productRefGroup = 40FBC4A723F7BDCE00494FC8 /* Products */;
			projectDirPath = "";
			projectRoot = "";
			targets = (
				40FBC4A523F7BDCE00494FC8 /* XcodeGenTestApp */,
				40FBC4BB23F7BDD100494FC8 /* XcodeGenTestAppTests */,
				40FBC4C623F7BDD100494FC8 /* XcodeGenTestAppUITests */,
			);
		};
/* End PBXProject section */

/* Begin PBXResourcesBuildPhase section */
		40FBC4A423F7BDCE00494FC8 /* Resources */ = {
			isa = PBXResourcesBuildPhase;
			buildActionMask = 2147483647;
			files = (
				40FBC4B623F7BDD100494FC8 /* LaunchScreen.storyboard in Resources */,
				40FBC4B323F7BDD100494FC8 /* Assets.xcassets in Resources */,
				40FBC4B123F7BDCE00494FC8 /* Main.storyboard in Resources */,
			);
			runOnlyForDeploymentPostprocessing = 0;
		};
		40FBC4BA23F7BDD100494FC8 /* Resources */ = {
			isa = PBXResourcesBuildPhase;
			buildActionMask = 2147483647;
			files = (
			);
			runOnlyForDeploymentPostprocessing = 0;
		};
		40FBC4C523F7BDD100494FC8 /* Resources */ = {
			isa = PBXResourcesBuildPhase;
			buildActionMask = 2147483647;
			files = (
			);
			runOnlyForDeploymentPostprocessing = 0;
		};
/* End PBXResourcesBuildPhase section */

/* Begin PBXSourcesBuildPhase section */
		40FBC4A223F7BDCE00494FC8 /* Sources */ = {
			isa = PBXSourcesBuildPhase;
			buildActionMask = 2147483647;
			files = (
				40FBC4AE23F7BDCE00494FC8 /* ViewController.swift in Sources */,
				40FBC4AA23F7BDCE00494FC8 /* AppDelegate.swift in Sources */,
				40FBC4AC23F7BDCE00494FC8 /* SceneDelegate.swift in Sources */,
			);
			runOnlyForDeploymentPostprocessing = 0;
		};
		40FBC4B823F7BDD100494FC8 /* Sources */ = {
			isa = PBXSourcesBuildPhase;
			buildActionMask = 2147483647;
			files = (
				40FBC4C123F7BDD100494FC8 /* XcodeGenTestAppTests.swift in Sources */,
			);
			runOnlyForDeploymentPostprocessing = 0;
		};
		40FBC4C323F7BDD100494FC8 /* Sources */ = {
			isa = PBXSourcesBuildPhase;
			buildActionMask = 2147483647;
			files = (
				40FBC4CC23F7BDD100494FC8 /* XcodeGenTestAppUITests.swift in Sources */,
			);
			runOnlyForDeploymentPostprocessing = 0;
		};
/* End PBXSourcesBuildPhase section */

/* Begin PBXTargetDependency section */
		40FBC4BE23F7BDD100494FC8 /* PBXTargetDependency */ = {
			isa = PBXTargetDependency;
			target = 40FBC4A523F7BDCE00494FC8 /* XcodeGenTestApp */;
			targetProxy = 40FBC4BD23F7BDD100494FC8 /* PBXContainerItemProxy */;
		};
		40FBC4C923F7BDD100494FC8 /* PBXTargetDependency */ = {
			isa = PBXTargetDependency;
			target = 40FBC4A523F7BDCE00494FC8 /* XcodeGenTestApp */;
			targetProxy = 40FBC4C823F7BDD100494FC8 /* PBXContainerItemProxy */;
		};
/* End PBXTargetDependency section */

/* Begin PBXVariantGroup section */
		40FBC4AF23F7BDCE00494FC8 /* Main.storyboard */ = {
			isa = PBXVariantGroup;
			children = (
				40FBC4B023F7BDCE00494FC8 /* Base */,
			);
			name = Main.storyboard;
			sourceTree = "<group>";
		};
		40FBC4B423F7BDD100494FC8 /* LaunchScreen.storyboard */ = {
			isa = PBXVariantGroup;
			children = (
				40FBC4B523F7BDD100494FC8 /* Base */,
			);
			name = LaunchScreen.storyboard;
			sourceTree = "<group>";
		};
/* End PBXVariantGroup section */

/* Begin XCBuildConfiguration section */
		40FBC4CE23F7BDD100494FC8 /* Debug */ = {
			isa = XCBuildConfiguration;
			buildSettings = {
				ALWAYS_SEARCH_USER_PATHS = NO;
				CLANG_ANALYZER_NONNULL = YES;
				CLANG_ANALYZER_NUMBER_OBJECT_CONVERSION = YES_AGGRESSIVE;
				CLANG_CXX_LANGUAGE_STANDARD = "gnu++14";
				CLANG_CXX_LIBRARY = "libc++";
				CLANG_ENABLE_MODULES = YES;
				CLANG_ENABLE_OBJC_ARC = YES;
				CLANG_ENABLE_OBJC_WEAK = YES;
				CLANG_WARN_BLOCK_CAPTURE_AUTORELEASING = YES;
				CLANG_WARN_BOOL_CONVERSION = YES;
				CLANG_WARN_COMMA = YES;
				CLANG_WARN_CONSTANT_CONVERSION = YES;
				CLANG_WARN_DEPRECATED_OBJC_IMPLEMENTATIONS = YES;
				CLANG_WARN_DIRECT_OBJC_ISA_USAGE = YES_ERROR;
				CLANG_WARN_DOCUMENTATION_COMMENTS = YES;
				CLANG_WARN_EMPTY_BODY = YES;
				CLANG_WARN_ENUM_CONVERSION = YES;
				CLANG_WARN_INFINITE_RECURSION = YES;
				CLANG_WARN_INT_CONVERSION = YES;
				CLANG_WARN_NON_LITERAL_NULL_CONVERSION = YES;
				CLANG_WARN_OBJC_IMPLICIT_RETAIN_SELF = YES;
				CLANG_WARN_OBJC_LITERAL_CONVERSION = YES;
				CLANG_WARN_OBJC_ROOT_CLASS = YES_ERROR;
				CLANG_WARN_RANGE_LOOP_ANALYSIS = YES;
				CLANG_WARN_STRICT_PROTOTYPES = YES;
				CLANG_WARN_SUSPICIOUS_MOVE = YES;
				CLANG_WARN_UNGUARDED_AVAILABILITY = YES_AGGRESSIVE;
				CLANG_WARN_UNREACHABLE_CODE = YES;
				CLANG_WARN__DUPLICATE_METHOD_MATCH = YES;
				COPY_PHASE_STRIP = NO;
				DEBUG_INFORMATION_FORMAT = dwarf;
				ENABLE_STRICT_OBJC_MSGSEND = YES;
				ENABLE_TESTABILITY = YES;
				GCC_C_LANGUAGE_STANDARD = gnu11;
				GCC_DYNAMIC_NO_PIC = NO;
				GCC_NO_COMMON_BLOCKS = YES;
				GCC_OPTIMIZATION_LEVEL = 0;
				GCC_PREPROCESSOR_DEFINITIONS = (
					"DEBUG=1",
					"$(inherited)",
				);
				GCC_WARN_64_TO_32_BIT_CONVERSION = YES;
				GCC_WARN_ABOUT_RETURN_TYPE = YES_ERROR;
				GCC_WARN_UNDECLARED_SELECTOR = YES;
				GCC_WARN_UNINITIALIZED_AUTOS = YES_AGGRESSIVE;
				GCC_WARN_UNUSED_FUNCTION = YES;
				GCC_WARN_UNUSED_VARIABLE = YES;
				IPHONEOS_DEPLOYMENT_TARGET = 13.2;
				MTL_ENABLE_DEBUG_INFO = INCLUDE_SOURCE;
				MTL_FAST_MATH = YES;
				ONLY_ACTIVE_ARCH = YES;
				SDKROOT = iphoneos;
				SWIFT_ACTIVE_COMPILATION_CONDITIONS = DEBUG;
				SWIFT_OPTIMIZATION_LEVEL = "-Onone";
			};
			name = Debug;
		};
		40FBC4CF23F7BDD200494FC8 /* Release */ = {
			isa = XCBuildConfiguration;
			buildSettings = {
				ALWAYS_SEARCH_USER_PATHS = NO;
				CLANG_ANALYZER_NONNULL = YES;
				CLANG_ANALYZER_NUMBER_OBJECT_CONVERSION = YES_AGGRESSIVE;
				CLANG_CXX_LANGUAGE_STANDARD = "gnu++14";
				CLANG_CXX_LIBRARY = "libc++";
				CLANG_ENABLE_MODULES = YES;
				CLANG_ENABLE_OBJC_ARC = YES;
				CLANG_ENABLE_OBJC_WEAK = YES;
				CLANG_WARN_BLOCK_CAPTURE_AUTORELEASING = YES;
				CLANG_WARN_BOOL_CONVERSION = YES;
				CLANG_WARN_COMMA = YES;
				CLANG_WARN_CONSTANT_CONVERSION = YES;
				CLANG_WARN_DEPRECATED_OBJC_IMPLEMENTATIONS = YES;
				CLANG_WARN_DIRECT_OBJC_ISA_USAGE = YES_ERROR;
				CLANG_WARN_DOCUMENTATION_COMMENTS = YES;
				CLANG_WARN_EMPTY_BODY = YES;
				CLANG_WARN_ENUM_CONVERSION = YES;
				CLANG_WARN_INFINITE_RECURSION = YES;
				CLANG_WARN_INT_CONVERSION = YES;
				CLANG_WARN_NON_LITERAL_NULL_CONVERSION = YES;
				CLANG_WARN_OBJC_IMPLICIT_RETAIN_SELF = YES;
				CLANG_WARN_OBJC_LITERAL_CONVERSION = YES;
				CLANG_WARN_OBJC_ROOT_CLASS = YES_ERROR;
				CLANG_WARN_RANGE_LOOP_ANALYSIS = YES;
				CLANG_WARN_STRICT_PROTOTYPES = YES;
				CLANG_WARN_SUSPICIOUS_MOVE = YES;
				CLANG_WARN_UNGUARDED_AVAILABILITY = YES_AGGRESSIVE;
				CLANG_WARN_UNREACHABLE_CODE = YES;
				CLANG_WARN__DUPLICATE_METHOD_MATCH = YES;
				COPY_PHASE_STRIP = NO;
				DEBUG_INFORMATION_FORMAT = "dwarf-with-dsym";
				ENABLE_NS_ASSERTIONS = NO;
				ENABLE_STRICT_OBJC_MSGSEND = YES;
				GCC_C_LANGUAGE_STANDARD = gnu11;
				GCC_NO_COMMON_BLOCKS = YES;
				GCC_WARN_64_TO_32_BIT_CONVERSION = YES;
				GCC_WARN_ABOUT_RETURN_TYPE = YES_ERROR;
				GCC_WARN_UNDECLARED_SELECTOR = YES;
				GCC_WARN_UNINITIALIZED_AUTOS = YES_AGGRESSIVE;
				GCC_WARN_UNUSED_FUNCTION = YES;
				GCC_WARN_UNUSED_VARIABLE = YES;
				IPHONEOS_DEPLOYMENT_TARGET = 13.2;
				MTL_ENABLE_DEBUG_INFO = NO;
				MTL_FAST_MATH = YES;
				SDKROOT = iphoneos;
				SWIFT_COMPILATION_MODE = wholemodule;
				SWIFT_OPTIMIZATION_LEVEL = "-O";
				VALIDATE_PRODUCT = YES;
			};
			name = Release;
		};
		40FBC4D123F7BDD200494FC8 /* Debug */ = {
			isa = XCBuildConfiguration;
			buildSettings = {
				ASSETCATALOG_COMPILER_APPICON_NAME = AppIcon;
				CODE_SIGN_STYLE = Automatic;
				DEVELOPMENT_TEAM = 7K2VVCZ596;
				INFOPLIST_FILE = XcodeGenTestApp/Info.plist;
				LD_RUNPATH_SEARCH_PATHS = (
					"$(inherited)",
					"@executable_path/Frameworks",
				);
				PRODUCT_BUNDLE_IDENTIFIER = jp.yama07.XcodeGenTestApp;
				PRODUCT_NAME = "$(TARGET_NAME)";
				SWIFT_VERSION = 5.0;
				TARGETED_DEVICE_FAMILY = "1,2";
			};
			name = Debug;
		};
		40FBC4D223F7BDD200494FC8 /* Release */ = {
			isa = XCBuildConfiguration;
			buildSettings = {
				ASSETCATALOG_COMPILER_APPICON_NAME = AppIcon;
				CODE_SIGN_STYLE = Automatic;
				DEVELOPMENT_TEAM = 7K2VVCZ596;
				INFOPLIST_FILE = XcodeGenTestApp/Info.plist;
				LD_RUNPATH_SEARCH_PATHS = (
					"$(inherited)",
					"@executable_path/Frameworks",
				);
				PRODUCT_BUNDLE_IDENTIFIER = jp.yama07.XcodeGenTestApp;
				PRODUCT_NAME = "$(TARGET_NAME)";
				SWIFT_VERSION = 5.0;
				TARGETED_DEVICE_FAMILY = "1,2";
			};
			name = Release;
		};
		40FBC4D423F7BDD200494FC8 /* Debug */ = {
			isa = XCBuildConfiguration;
			buildSettings = {
				ALWAYS_EMBED_SWIFT_STANDARD_LIBRARIES = YES;
				BUNDLE_LOADER = "$(TEST_HOST)";
				CODE_SIGN_STYLE = Automatic;
				DEVELOPMENT_TEAM = 7K2VVCZ596;
				INFOPLIST_FILE = XcodeGenTestAppTests/Info.plist;
				IPHONEOS_DEPLOYMENT_TARGET = 13.2;
				LD_RUNPATH_SEARCH_PATHS = (
					"$(inherited)",
					"@executable_path/Frameworks",
					"@loader_path/Frameworks",
				);
				PRODUCT_BUNDLE_IDENTIFIER = jp.yama07.XcodeGenTestAppTests;
				PRODUCT_NAME = "$(TARGET_NAME)";
				SWIFT_VERSION = 5.0;
				TARGETED_DEVICE_FAMILY = "1,2";
				TEST_HOST = "$(BUILT_PRODUCTS_DIR)/XcodeGenTestApp.app/XcodeGenTestApp";
			};
			name = Debug;
		};
		40FBC4D523F7BDD200494FC8 /* Release */ = {
			isa = XCBuildConfiguration;
			buildSettings = {
				ALWAYS_EMBED_SWIFT_STANDARD_LIBRARIES = YES;
				BUNDLE_LOADER = "$(TEST_HOST)";
				CODE_SIGN_STYLE = Automatic;
				DEVELOPMENT_TEAM = 7K2VVCZ596;
				INFOPLIST_FILE = XcodeGenTestAppTests/Info.plist;
				IPHONEOS_DEPLOYMENT_TARGET = 13.2;
				LD_RUNPATH_SEARCH_PATHS = (
					"$(inherited)",
					"@executable_path/Frameworks",
					"@loader_path/Frameworks",
				);
				PRODUCT_BUNDLE_IDENTIFIER = jp.yama07.XcodeGenTestAppTests;
				PRODUCT_NAME = "$(TARGET_NAME)";
				SWIFT_VERSION = 5.0;
				TARGETED_DEVICE_FAMILY = "1,2";
				TEST_HOST = "$(BUILT_PRODUCTS_DIR)/XcodeGenTestApp.app/XcodeGenTestApp";
			};
			name = Release;
		};
		40FBC4D723F7BDD200494FC8 /* Debug */ = {
			isa = XCBuildConfiguration;
			buildSettings = {
				ALWAYS_EMBED_SWIFT_STANDARD_LIBRARIES = YES;
				CODE_SIGN_STYLE = Automatic;
				DEVELOPMENT_TEAM = 7K2VVCZ596;
				INFOPLIST_FILE = XcodeGenTestAppUITests/Info.plist;
				LD_RUNPATH_SEARCH_PATHS = (
					"$(inherited)",
					"@executable_path/Frameworks",
					"@loader_path/Frameworks",
				);
				PRODUCT_BUNDLE_IDENTIFIER = jp.yama07.XcodeGenTestAppUITests;
				PRODUCT_NAME = "$(TARGET_NAME)";
				SWIFT_VERSION = 5.0;
				TARGETED_DEVICE_FAMILY = "1,2";
				TEST_TARGET_NAME = XcodeGenTestApp;
			};
			name = Debug;
		};
		40FBC4D823F7BDD200494FC8 /* Release */ = {
			isa = XCBuildConfiguration;
			buildSettings = {
				ALWAYS_EMBED_SWIFT_STANDARD_LIBRARIES = YES;
				CODE_SIGN_STYLE = Automatic;
				DEVELOPMENT_TEAM = 7K2VVCZ596;
				INFOPLIST_FILE = XcodeGenTestAppUITests/Info.plist;
				LD_RUNPATH_SEARCH_PATHS = (
					"$(inherited)",
					"@executable_path/Frameworks",
					"@loader_path/Frameworks",
				);
				PRODUCT_BUNDLE_IDENTIFIER = jp.yama07.XcodeGenTestAppUITests;
				PRODUCT_NAME = "$(TARGET_NAME)";
				SWIFT_VERSION = 5.0;
				TARGETED_DEVICE_FAMILY = "1,2";
				TEST_TARGET_NAME = XcodeGenTestApp;
			};
			name = Release;
		};
/* End XCBuildConfiguration section */

/* Begin XCConfigurationList section */
		40FBC4A123F7BDCE00494FC8 /* Build configuration list for PBXProject "XcodeGenTestApp" */ = {
			isa = XCConfigurationList;
			buildConfigurations = (
				40FBC4CE23F7BDD100494FC8 /* Debug */,
				40FBC4CF23F7BDD200494FC8 /* Release */,
			);
			defaultConfigurationIsVisible = 0;
			defaultConfigurationName = Release;
		};
		40FBC4D023F7BDD200494FC8 /* Build configuration list for PBXNativeTarget "XcodeGenTestApp" */ = {
			isa = XCConfigurationList;
			buildConfigurations = (
				40FBC4D123F7BDD200494FC8 /* Debug */,
				40FBC4D223F7BDD200494FC8 /* Release */,
			);
			defaultConfigurationIsVisible = 0;
			defaultConfigurationName = Release;
		};
		40FBC4D323F7BDD200494FC8 /* Build configuration list for PBXNativeTarget "XcodeGenTestAppTests" */ = {
			isa = XCConfigurationList;
			buildConfigurations = (
				40FBC4D423F7BDD200494FC8 /* Debug */,
				40FBC4D523F7BDD200494FC8 /* Release */,
			);
			defaultConfigurationIsVisible = 0;
			defaultConfigurationName = Release;
		};
		40FBC4D623F7BDD200494FC8 /* Build configuration list for PBXNativeTarget "XcodeGenTestAppUITests" */ = {
			isa = XCConfigurationList;
			buildConfigurations = (
				40FBC4D723F7BDD200494FC8 /* Debug */,
				40FBC4D823F7BDD200494FC8 /* Release */,
			);
			defaultConfigurationIsVisible = 0;
			defaultConfigurationName = Release;
		};
/* End XCConfigurationList section */
	};
	rootObject = 40FBC49E23F7BDCE00494FC8 /* Project object */;
}
